
Microsoft Visual Studio Solution File, Format Version 12.00
# Visual Studio Version 17
VisualStudioVersion = 17.5.002.0
MinimumVisualStudioVersion = 10.0.40219.1
Project("{9A19103F-16F7-4668-BE54-9A1E7A4F7556}") = "LUMOSBook", "LUMOSBook.csproj", "{08413F69-63B5-4F5C-B392-6969C43B44E7}"
EndProject
Global
	GlobalSection(SolutionConfigurationPlatforms) = preSolution
		Debug|Any CPU = Debug|Any CPU
		Release|Any CPU = Release|Any CPU
	EndGlobalSection
	GlobalSection(ProjectConfigurationPlatforms) = postSolution
		{08413F69-63B5-4F5C-B392-6969C43B44E7}.Debug|Any CPU.ActiveCfg = Debug|Any CPU
		{08413F69-63B5-4F5C-B392-6969C43B44E7}.Debug|Any CPU.Build.0 = Debug|Any CPU
		{08413F69-63B5-4F5C-B392-6969C43B44E7}.Release|Any CPU.ActiveCfg = Release|Any CPU
		{08413F69-63B5-4F5C-B392-6969C43B44E7}.Release|Any CPU.Build.0 = Release|Any CPU
	EndGlobalSection
	GlobalSection(SolutionProperties) = preSolution
		HideSolutionNode = FALSE
	EndGlobalSection
	GlobalSection(ExtensibilityGlobals) = postSolution
		SolutionGuid = {03EED7F1-FB24-4E33-A34A-23D9834E1B4D}
	EndGlobalSection
EndGlobal
